
Microsoft Visual Studio Solution File, Format Version 12.00
# Visual Studio 14
VisualStudioVersion = 14.0.24720.0
MinimumVisualStudioVersion = 10.0.40219.1
Project("{FAE04EC0-301F-11D3-BF4B-00C04F79EFBC}") = "OperatiiPeBiti", "OperatiiPeBiti\OperatiiPeBiti.csproj", "{42810049-DEE8-4A2A-8FD3-84D0F0AE5286}"
EndProject
Global
	GlobalSection(SolutionConfigurationPlatforms) = preSolution
		Debug|Any CPU = Debug|Any CPU
		Release|Any CPU = Release|Any CPU
	EndGlobalSection
	GlobalSection(ProjectConfigurationPlatforms) = postSolution
		{42810049-DEE8-4A2A-8FD3-84D0F0AE5286}.Debug|Any CPU.ActiveCfg = Debug|Any CPU
		{42810049-DEE8-4A2A-8FD3-84D0F0AE5286}.Debug|Any CPU.Build.0 = Debug|Any CPU
		{42810049-DEE8-4A2A-8FD3-84D0F0AE5286}.Release|Any CPU.ActiveCfg = Release|Any CPU
		{42810049-DEE8-4A2A-8FD3-84D0F0AE5286}.Release|Any CPU.Build.0 = Release|Any CPU
	EndGlobalSection
	GlobalSection(SolutionProperties) = preSolution
		HideSolutionNode = FALSE
	EndGlobalSection
EndGlobal
